
Microsoft Visual Studio Solution File, Format Version 12.00
# Visual Studio Version 17
VisualStudioVersion = 17.9.34701.34
MinimumVisualStudioVersion = 10.0.40219.1
Project("{9A19103F-16F7-4668-BE54-9A1E7A4F7556}") = "S2DataTypesAndVariables", "src\S2DataTypesAndVariables\S2DataTypesAndVariables.csproj", "{07A2F94A-9E20-40EF-9023-A19A9B15A66A}"
EndProject
Project("{9A19103F-16F7-4668-BE54-9A1E7A4F7556}") = "S3Functions", "src\S3Functions\S3Functions.csproj", "{202112E4-1E9A-46AA-92C6-67C8DC046DFC}"
EndProject
Project("{9A19103F-16F7-4668-BE54-9A1E7A4F7556}") = "S4MakingDecisions", "src\S4MakingDecisions\S4MakingDecisions.csproj", "{A20710B8-6C91-4C1A-B62A-147B09E00131}"
EndProject
Project("{9A19103F-16F7-4668-BE54-9A1E7A4F7556}") = "S5Loops", "src\S5Loops\S5Loops.csproj", "{30B202F5-643E-407E-BBD7-473AFDE970F1}"
EndProject
Project("{9A19103F-16F7-4668-BE54-9A1E7A4F7556}") = "S6OOP", "src\S6OOP\S6OOP.csproj", "{1D25653C-3B6A-456D-98D0-A1B81BEFB319}"
EndProject
Project("{9A19103F-16F7-4668-BE54-9A1E7A4F7556}") = "S7Collections", "src\S7Collections\S7Collections.csproj", "{D4064541-F851-4FE7-95D9-51B60091A772}"
EndProject
Project("{9A19103F-16F7-4668-BE54-9A1E7A4F7556}") = "S9Inheritance", "src\S9Inheritance\S9Inheritance.csproj", "{9D84282B-5A8D-4761-9244-2C1AB72D2834}"
EndProject
Project("{9A19103F-16F7-4668-BE54-9A1E7A4F7556}") = "S10Polymorphism", "src\S10Polymorphism\S10Polymorphism.csproj", "{E78FDBD8-1BAA-49E9-B291-68B7837FC6B6}"
EndProject
Project("{9A19103F-16F7-4668-BE54-9A1E7A4F7556}") = "S11AdvancedTopics", "src\S11AdvancedTopics\S11AdvancedTopics.csproj", "{0D2B9F9B-ADC4-4976-AD0A-B780F0404F4B}"
EndProject
Project("{9A19103F-16F7-4668-BE54-9A1E7A4F7556}") = "S12EventsAndDelegates", "src\S12EventsAndDelegates\S12EventsAndDelegates.csproj", "{16141DBB-3841-4F2C-B532-EE134D1EACB9}"
EndProject
Project("{9A19103F-16F7-4668-BE54-9A1E7A4F7556}") = "S18LINQ", "src\S18LINQ\S18LINQ.csproj", "{F4F469F4-3234-41E2-8E93-E8E33134D894}"
EndProject
Project("{9A19103F-16F7-4668-BE54-9A1E7A4F7556}") = "S21Threads", "src\S21Threads\S21Threads.csproj", "{134CDB0F-3496-43BF-9750-1FDA1E1061E7}"
EndProject
Project("{2150E333-8FDC-42A3-9474-1A3956D46DE8}") = "S22TDD", "S22TDD", "{19BC7F2A-A376-4B7C-B8B6-ED3E4F28F25E}"
EndProject
Project("{FAE04EC0-301F-11D3-BF4B-00C04F79EFBC}") = "FlightApp.Tests", "src\S22TDD\Flight.Tests\FlightApp.Tests.csproj", "{65B62CC9-E424-4E16-AB10-3FCB8BC5DFFA}"
EndProject
Project("{FAE04EC0-301F-11D3-BF4B-00C04F79EFBC}") = "Domain.Tests", "src\S22TDD\Domain.Tests\Domain.Tests.csproj", "{ECC4FAA4-6060-4F11-A1D0-25E2E72C00D2}"
EndProject
Project("{FAE04EC0-301F-11D3-BF4B-00C04F79EFBC}") = "Domain", "src\S22TDD\Domain\Domain.csproj", "{F7B6F58E-43D3-428E-9ED0-D265295A177E}"
EndProject
Global
	GlobalSection(SolutionConfigurationPlatforms) = preSolution
		Debug|Any CPU = Debug|Any CPU
		Release|Any CPU = Release|Any CPU
	EndGlobalSection
	GlobalSection(ProjectConfigurationPlatforms) = postSolution
		{07A2F94A-9E20-40EF-9023-A19A9B15A66A}.Debug|Any CPU.ActiveCfg = Debug|Any CPU
		{07A2F94A-9E20-40EF-9023-A19A9B15A66A}.Debug|Any CPU.Build.0 = Debug|Any CPU
		{07A2F94A-9E20-40EF-9023-A19A9B15A66A}.Release|Any CPU.ActiveCfg = Release|Any CPU
		{07A2F94A-9E20-40EF-9023-A19A9B15A66A}.Release|Any CPU.Build.0 = Release|Any CPU
		{202112E4-1E9A-46AA-92C6-67C8DC046DFC}.Debug|Any CPU.ActiveCfg = Debug|Any CPU
		{202112E4-1E9A-46AA-92C6-67C8DC046DFC}.Debug|Any CPU.Build.0 = Debug|Any CPU
		{202112E4-1E9A-46AA-92C6-67C8DC046DFC}.Release|Any CPU.ActiveCfg = Release|Any CPU
		{202112E4-1E9A-46AA-92C6-67C8DC046DFC}.Release|Any CPU.Build.0 = Release|Any CPU
		{A20710B8-6C91-4C1A-B62A-147B09E00131}.Debug|Any CPU.ActiveCfg = Debug|Any CPU
		{A20710B8-6C91-4C1A-B62A-147B09E00131}.Debug|Any CPU.Build.0 = Debug|Any CPU
		{A20710B8-6C91-4C1A-B62A-147B09E00131}.Release|Any CPU.ActiveCfg = Release|Any CPU
		{A20710B8-6C91-4C1A-B62A-147B09E00131}.Release|Any CPU.Build.0 = Release|Any CPU
		{30B202F5-643E-407E-BBD7-473AFDE970F1}.Debug|Any CPU.ActiveCfg = Debug|Any CPU
		{30B202F5-643E-407E-BBD7-473AFDE970F1}.Debug|Any CPU.Build.0 = Debug|Any CPU
		{30B202F5-643E-407E-BBD7-473AFDE970F1}.Release|Any CPU.ActiveCfg = Release|Any CPU
		{30B202F5-643E-407E-BBD7-473AFDE970F1}.Release|Any CPU.Build.0 = Release|Any CPU
		{1D25653C-3B6A-456D-98D0-A1B81BEFB319}.Debug|Any CPU.ActiveCfg = Debug|Any CPU
		{1D25653C-3B6A-456D-98D0-A1B81BEFB319}.Debug|Any CPU.Build.0 = Debug|Any CPU
		{1D25653C-3B6A-456D-98D0-A1B81BEFB319}.Release|Any CPU.ActiveCfg = Release|Any CPU
		{1D25653C-3B6A-456D-98D0-A1B81BEFB319}.Release|Any CPU.Build.0 = Release|Any CPU
		{D4064541-F851-4FE7-95D9-51B60091A772}.Debug|Any CPU.ActiveCfg = Debug|Any CPU
		{D4064541-F851-4FE7-95D9-51B60091A772}.Debug|Any CPU.Build.0 = Debug|Any CPU
		{D4064541-F851-4FE7-95D9-51B60091A772}.Release|Any CPU.ActiveCfg = Release|Any CPU
		{D4064541-F851-4FE7-95D9-51B60091A772}.Release|Any CPU.Build.0 = Release|Any CPU
		{9D84282B-5A8D-4761-9244-2C1AB72D2834}.Debug|Any CPU.ActiveCfg = Debug|Any CPU
		{9D84282B-5A8D-4761-9244-2C1AB72D2834}.Debug|Any CPU.Build.0 = Debug|Any CPU
		{9D84282B-5A8D-4761-9244-2C1AB72D2834}.Release|Any CPU.ActiveCfg = Release|Any CPU
		{9D84282B-5A8D-4761-9244-2C1AB72D2834}.Release|Any CPU.Build.0 = Release|Any CPU
		{E78FDBD8-1BAA-49E9-B291-68B7837FC6B6}.Debug|Any CPU.ActiveCfg = Debug|Any CPU
		{E78FDBD8-1BAA-49E9-B291-68B7837FC6B6}.Debug|Any CPU.Build.0 = Debug|Any CPU
		{E78FDBD8-1BAA-49E9-B291-68B7837FC6B6}.Release|Any CPU.ActiveCfg = Release|Any CPU
		{E78FDBD8-1BAA-49E9-B291-68B7837FC6B6}.Release|Any CPU.Build.0 = Release|Any CPU
		{0D2B9F9B-ADC4-4976-AD0A-B780F0404F4B}.Debug|Any CPU.ActiveCfg = Debug|Any CPU
		{0D2B9F9B-ADC4-4976-AD0A-B780F0404F4B}.Debug|Any CPU.Build.0 = Debug|Any CPU
		{0D2B9F9B-ADC4-4976-AD0A-B780F0404F4B}.Release|Any CPU.ActiveCfg = Release|Any CPU
		{0D2B9F9B-ADC4-4976-AD0A-B780F0404F4B}.Release|Any CPU.Build.0 = Release|Any CPU
		{16141DBB-3841-4F2C-B532-EE134D1EACB9}.Debug|Any CPU.ActiveCfg = Debug|Any CPU
		{16141DBB-3841-4F2C-B532-EE134D1EACB9}.Debug|Any CPU.Build.0 = Debug|Any CPU
		{16141DBB-3841-4F2C-B532-EE134D1EACB9}.Release|Any CPU.ActiveCfg = Release|Any CPU
		{16141DBB-3841-4F2C-B532-EE134D1EACB9}.Release|Any CPU.Build.0 = Release|Any CPU
		{F4F469F4-3234-41E2-8E93-E8E33134D894}.Debug|Any CPU.ActiveCfg = Debug|Any CPU
		{F4F469F4-3234-41E2-8E93-E8E33134D894}.Debug|Any CPU.Build.0 = Debug|Any CPU
		{F4F469F4-3234-41E2-8E93-E8E33134D894}.Release|Any CPU.ActiveCfg = Release|Any CPU
		{F4F469F4-3234-41E2-8E93-E8E33134D894}.Release|Any CPU.Build.0 = Release|Any CPU
		{134CDB0F-3496-43BF-9750-1FDA1E1061E7}.Debug|Any CPU.ActiveCfg = Debug|Any CPU
		{134CDB0F-3496-43BF-9750-1FDA1E1061E7}.Debug|Any CPU.Build.0 = Debug|Any CPU
		{134CDB0F-3496-43BF-9750-1FDA1E1061E7}.Release|Any CPU.ActiveCfg = Release|Any CPU
		{134CDB0F-3496-43BF-9750-1FDA1E1061E7}.Release|Any CPU.Build.0 = Release|Any CPU
		{65B62CC9-E424-4E16-AB10-3FCB8BC5DFFA}.Debug|Any CPU.ActiveCfg = Debug|Any CPU
		{65B62CC9-E424-4E16-AB10-3FCB8BC5DFFA}.Debug|Any CPU.Build.0 = Debug|Any CPU
		{65B62CC9-E424-4E16-AB10-3FCB8BC5DFFA}.Release|Any CPU.ActiveCfg = Release|Any CPU
		{65B62CC9-E424-4E16-AB10-3FCB8BC5DFFA}.Release|Any CPU.Build.0 = Release|Any CPU
		{ECC4FAA4-6060-4F11-A1D0-25E2E72C00D2}.Debug|Any CPU.ActiveCfg = Debug|Any CPU
		{ECC4FAA4-6060-4F11-A1D0-25E2E72C00D2}.Debug|Any CPU.Build.0 = Debug|Any CPU
		{ECC4FAA4-6060-4F11-A1D0-25E2E72C00D2}.Release|Any CPU.ActiveCfg = Release|Any CPU
		{ECC4FAA4-6060-4F11-A1D0-25E2E72C00D2}.Release|Any CPU.Build.0 = Release|Any CPU
		{F7B6F58E-43D3-428E-9ED0-D265295A177E}.Debug|Any CPU.ActiveCfg = Debug|Any CPU
		{F7B6F58E-43D3-428E-9ED0-D265295A177E}.Debug|Any CPU.Build.0 = Debug|Any CPU
		{F7B6F58E-43D3-428E-9ED0-D265295A177E}.Release|Any CPU.ActiveCfg = Release|Any CPU
		{F7B6F58E-43D3-428E-9ED0-D265295A177E}.Release|Any CPU.Build.0 = Release|Any CPU
	EndGlobalSection
	GlobalSection(SolutionProperties) = preSolution
		HideSolutionNode = FALSE
	EndGlobalSection
	GlobalSection(NestedProjects) = preSolution
		{65B62CC9-E424-4E16-AB10-3FCB8BC5DFFA} = {19BC7F2A-A376-4B7C-B8B6-ED3E4F28F25E}
		{ECC4FAA4-6060-4F11-A1D0-25E2E72C00D2} = {19BC7F2A-A376-4B7C-B8B6-ED3E4F28F25E}
		{F7B6F58E-43D3-428E-9ED0-D265295A177E} = {19BC7F2A-A376-4B7C-B8B6-ED3E4F28F25E}
	EndGlobalSection
	GlobalSection(ExtensibilityGlobals) = postSolution
		SolutionGuid = {8F9DDF6D-21E1-4ADB-8A89-D20261F7FF21}
	EndGlobalSection
EndGlobal
